// !$*UTF8*$!
{
	archiveVersion = 1;
	classes = {
	};
	objectVersion = 77;
	objects = {

/* Begin PBXBuildFile section */
		3E4BF4E30B60B68790941413 /* AppEntry.swift in Sources */ = {isa = PBXBuildFile; fileRef = 7E848D486B11A0ED2A9BDA2B /* AppEntry.swift */; };
		5F6A233C98CBC13E603374E9 /* RenderView.swift in Sources */ = {isa = PBXBuildFile; fileRef = 46E8EE78BDAFFABF1E0A7B58 /* RenderView.swift */; };
		767F418B754F127FCCD5B3D7 /* AccountsView.swift in Sources */ = {isa = PBXBuildFile; fileRef = 3BFF884BD3E1EB9917BAF8B3 /* AccountsView.swift */; };
		9608657C5C45941143E5C653 /* AddTransactionView.swift in Sources */ = {isa = PBXBuildFile; fileRef = BE20F1B3C42D4AAA9C86408F /* AddTransactionView.swift */; };
		A4EF0863B93CD70A86C08D85 /* LogsView.swift in Sources */ = {isa = PBXBuildFile; fileRef = 4CC23D8375C438E2996EDA8C /* LogsView.swift */; };
		E112CF82168FAAD92C928760 /* DashboardView.swift in Sources */ = {isa = PBXBuildFile; fileRef = DCDB90B0C23A88B774F3CE37 /* DashboardView.swift */; };
		E8D8F8886F9B20879EFC7A69 /* Models.swift in Sources */ = {isa = PBXBuildFile; fileRef = 3CE4B2822A78779FC8E45390 /* Models.swift */; };
		F96922A9141F8E748383A825 /* DatabaseManager.swift in Sources */ = {isa = PBXBuildFile; fileRef = 9D6DFACD2EF009934BDF7FF7 /* DatabaseManager.swift */; };
/* End PBXBuildFile section */

/* Begin PBXFileReference section */
		0349B3F575A08890D63854A1 /* Sigma.app */ = {isa = PBXFileReference; explicitFileType = wrapper.application; includeInIndex = 0; path = Sigma.app; sourceTree = BUILT_PRODUCTS_DIR; };
		3BFF884BD3E1EB9917BAF8B3 /* AccountsView.swift */ = {isa = PBXFileReference; lastKnownFileType = sourcecode.swift; path = AccountsView.swift; sourceTree = "<group>"; };
		3CE4B2822A78779FC8E45390 /* Models.swift */ = {isa = PBXFileReference; lastKnownFileType = sourcecode.swift; path = Models.swift; sourceTree = "<group>"; };
		46E8EE78BDAFFABF1E0A7B58 /* RenderView.swift */ = {isa = PBXFileReference; lastKnownFileType = sourcecode.swift; path = RenderView.swift; sourceTree = "<group>"; };
		4CC23D8375C438E2996EDA8C /* LogsView.swift */ = {isa = PBXFileReference; lastKnownFileType = sourcecode.swift; path = LogsView.swift; sourceTree = "<group>"; };
		7E848D486B11A0ED2A9BDA2B /* AppEntry.swift */ = {isa = PBXFileReference; lastKnownFileType = sourcecode.swift; path = AppEntry.swift; sourceTree = "<group>"; };
		9D6DFACD2EF009934BDF7FF7 /* DatabaseManager.swift */ = {isa = PBXFileReference; lastKnownFileType = sourcecode.swift; path = DatabaseManager.swift; sourceTree = "<group>"; };
		BE20F1B3C42D4AAA9C86408F /* AddTransactionView.swift */ = {isa = PBXFileReference; lastKnownFileType = sourcecode.swift; path = AddTransactionView.swift; sourceTree = "<group>"; };
		DCDB90B0C23A88B774F3CE37 /* DashboardView.swift */ = {isa = PBXFileReference; lastKnownFileType = sourcecode.swift; path = DashboardView.swift; sourceTree = "<group>"; };
/* End PBXFileReference section */

/* Begin PBXGroup section */
		4E5336DA4126693B9EFAC117 = {
			isa = PBXGroup;
			children = (
				B0F51C779F68D7C75EB4FD4B /* Sources */,
				BB64603E2EF58FCAB3FBE724 /* Products */,
			);
			sourceTree = "<group>";
		};
		B0F51C779F68D7C75EB4FD4B /* Sources */ = {
			isa = PBXGroup;
			children = (
				3BFF884BD3E1EB9917BAF8B3 /* AccountsView.swift */,
				BE20F1B3C42D4AAA9C86408F /* AddTransactionView.swift */,
				7E848D486B11A0ED2A9BDA2B /* AppEntry.swift */,
				DCDB90B0C23A88B774F3CE37 /* DashboardView.swift */,
				9D6DFACD2EF009934BDF7FF7 /* DatabaseManager.swift */,
				4CC23D8375C438E2996EDA8C /* LogsView.swift */,
				3CE4B2822A78779FC8E45390 /* Models.swift */,
				46E8EE78BDAFFABF1E0A7B58 /* RenderView.swift */,
			);
			path = Sources;
			sourceTree = "<group>";
		};
		BB64603E2EF58FCAB3FBE724 /* Products */ = {
			isa = PBXGroup;
			children = (
				0349B3F575A08890D63854A1 /* Sigma.app */,
			);
			name = Products;
			sourceTree = "<group>";
		};
/* End PBXGroup section */

/* Begin PBXNativeTarget section */
		9FFA27D9635648F7927F4D17 /* Sigma */ = {
			isa = PBXNativeTarget;
			buildConfigurationList = F23317B3BB193157A7A4A48A /* Build configuration list for PBXNativeTarget "Sigma" */;
			buildPhases = (
				15C03839F9CB746028354A5A /* Sources */,
			);
			buildRules = (
			);
			dependencies = (
			);
			name = Sigma;
			packageProductDependencies = (
			);
			productName = Sigma;
			productReference = 0349B3F575A08890D63854A1 /* Sigma.app */;
			productType = "com.apple.product-type.application";
		};
/* End PBXNativeTarget section */

/* Begin PBXProject section */
		26307528E267A6D5ED883898 /* Project object */ = {
			isa = PBXProject;
			attributes = {
				BuildIndependentTargetsInParallel = YES;
				LastUpgradeCheck = 1430;
				TargetAttributes = {
				};
			};
			buildConfigurationList = B988169D23371F42057CD08C /* Build configuration list for PBXProject "Sigma" */;
			developmentRegion = en;
			hasScannedForEncodings = 0;
			knownRegions = (
				Base,
				en,
			);
			mainGroup = 4E5336DA4126693B9EFAC117;
			minimizedProjectReferenceProxies = 1;
			preferredProjectObjectVersion = 77;
			productRefGroup = BB64603E2EF58FCAB3FBE724 /* Products */;
			projectDirPath = "";
			projectRoot = "";
			targets = (
				9FFA27D9635648F7927F4D17 /* Sigma */,
			);
		};
/* End PBXProject section */

/* Begin PBXSourcesBuildPhase section */
		15C03839F9CB746028354A5A /* Sources */ = {
			isa = PBXSourcesBuildPhase;
			buildActionMask = 2147483647;
			files = (
				767F418B754F127FCCD5B3D7 /* AccountsView.swift in Sources */,
				9608657C5C45941143E5C653 /* AddTransactionView.swift in Sources */,
				3E4BF4E30B60B68790941413 /* AppEntry.swift in Sources */,
				E112CF82168FAAD92C928760 /* DashboardView.swift in Sources */,
				F96922A9141F8E748383A825 /* DatabaseManager.swift in Sources */,
				A4EF0863B93CD70A86C08D85 /* LogsView.swift in Sources */,
				E8D8F8886F9B20879EFC7A69 /* Models.swift in Sources */,
				5F6A233C98CBC13E603374E9 /* RenderView.swift in Sources */,
			);
			runOnlyForDeploymentPostprocessing = 0;
		};
/* End PBXSourcesBuildPhase section */

/* Begin XCBuildConfiguration section */
		1769032B4142B98FC060A1B3 /* Release */ = {
			isa = XCBuildConfiguration;
			buildSettings = {
				ASSETCATALOG_COMPILER_APPICON_NAME = AppIcon;
				COMBINE_HIDPI_IMAGES = YES;
				GENERATE_INFOPLIST_FILE = YES;
				LD_RUNPATH_SEARCH_PATHS = (
					"$(inherited)",
					"@executable_path/../Frameworks",
				);
				MACOSX_DEPLOYMENT_TARGET = 12.0;
				OTHER_LDFLAGS = "-lsqlite3";
				PRODUCT_BUNDLE_IDENTIFIER = com.sigma.app;
				SDKROOT = macosx;
			};
			name = Release;
		};
		22A65CA63449894751ED707A /* Debug */ = {
			isa = XCBuildConfiguration;
			buildSettings = {
				ALWAYS_SEARCH_USER_PATHS = NO;
				CLANG_ANALYZER_NONNULL = YES;
				CLANG_ANALYZER_NUMBER_OBJECT_CONVERSION = YES_AGGRESSIVE;
				CLANG_CXX_LANGUAGE_STANDARD = "gnu++14";
				CLANG_CXX_LIBRARY = "libc++";
				CLANG_ENABLE_MODULES = YES;
				CLANG_ENABLE_OBJC_ARC = YES;
				CLANG_ENABLE_OBJC_WEAK = YES;
				CLANG_WARN_BLOCK_CAPTURE_AUTORELEASING = YES;
				CLANG_WARN_BOOL_CONVERSION = YES;
				CLANG_WARN_COMMA = YES;
				CLANG_WARN_CONSTANT_CONVERSION = YES;
				CLANG_WARN_DEPRECATED_OBJC_IMPLEMENTATIONS = YES;
				CLANG_WARN_DIRECT_OBJC_ISA_USAGE = YES_ERROR;
				CLANG_WARN_DOCUMENTATION_COMMENTS = YES;
				CLANG_WARN_EMPTY_BODY = YES;
				CLANG_WARN_ENUM_CONVERSION = YES;
				CLANG_WARN_INFINITE_RECURSION = YES;
				CLANG_WARN_INT_CONVERSION = YES;
				CLANG_WARN_NON_LITERAL_NULL_CONVERSION = YES;
				CLANG_WARN_OBJC_IMPLICIT_RETAIN_SELF = YES;
				CLANG_WARN_OBJC_LITERAL_CONVERSION = YES;
				CLANG_WARN_OBJC_ROOT_CLASS = YES_ERROR;
				CLANG_WARN_QUOTED_INCLUDE_IN_FRAMEWORK_HEADER = YES;
				CLANG_WARN_RANGE_LOOP_ANALYSIS = YES;
				CLANG_WARN_STRICT_PROTOTYPES = YES;
				CLANG_WARN_SUSPICIOUS_MOVE = YES;
				CLANG_WARN_UNGUARDED_AVAILABILITY = YES_AGGRESSIVE;
				CLANG_WARN_UNREACHABLE_CODE = YES;
				CLANG_WARN__DUPLICATE_METHOD_MATCH = YES;
				COPY_PHASE_STRIP = NO;
				DEBUG_INFORMATION_FORMAT = dwarf;
				ENABLE_STRICT_OBJC_MSGSEND = YES;
				ENABLE_TESTABILITY = YES;
				GCC_C_LANGUAGE_STANDARD = gnu11;
				GCC_DYNAMIC_NO_PIC = NO;
				GCC_NO_COMMON_BLOCKS = YES;
				GCC_OPTIMIZATION_LEVEL = 0;
				GCC_PREPROCESSOR_DEFINITIONS = (
					"$(inherited)",
					"DEBUG=1",
				);
				GCC_WARN_64_TO_32_BIT_CONVERSION = YES;
				GCC_WARN_ABOUT_RETURN_TYPE = YES_ERROR;
				GCC_WARN_UNDECLARED_SELECTOR = YES;
				GCC_WARN_UNINITIALIZED_AUTOS = YES_AGGRESSIVE;
				GCC_WARN_UNUSED_FUNCTION = YES;
				GCC_WARN_UNUSED_VARIABLE = YES;
				MTL_ENABLE_DEBUG_INFO = INCLUDE_SOURCE;
				MTL_FAST_MATH = YES;
				ONLY_ACTIVE_ARCH = YES;
				PRODUCT_NAME = "$(TARGET_NAME)";
				SDKROOT = macosx;
				SWIFT_ACTIVE_COMPILATION_CONDITIONS = DEBUG;
				SWIFT_OPTIMIZATION_LEVEL = "-Onone";
				SWIFT_VERSION = 5.0;
			};
			name = Debug;
		};
		295B5F178C2BFE75A6CDBE3B /* Debug */ = {
			isa = XCBuildConfiguration;
			buildSettings = {
				ASSETCATALOG_COMPILER_APPICON_NAME = AppIcon;
				COMBINE_HIDPI_IMAGES = YES;
				GENERATE_INFOPLIST_FILE = YES;
				LD_RUNPATH_SEARCH_PATHS = (
					"$(inherited)",
					"@executable_path/../Frameworks",
				);
				MACOSX_DEPLOYMENT_TARGET = 12.0;
				OTHER_LDFLAGS = "-lsqlite3";
				PRODUCT_BUNDLE_IDENTIFIER = com.sigma.app;
				SDKROOT = macosx;
			};
			name = Debug;
		};
		D5645D7D8C861C1837B811AB /* Release */ = {
			isa = XCBuildConfiguration;
			buildSettings = {
				ALWAYS_SEARCH_USER_PATHS = NO;
				CLANG_ANALYZER_NONNULL = YES;
				CLANG_ANALYZER_NUMBER_OBJECT_CONVERSION = YES_AGGRESSIVE;
				CLANG_CXX_LANGUAGE_STANDARD = "gnu++14";
				CLANG_CXX_LIBRARY = "libc++";
				CLANG_ENABLE_MODULES = YES;
				CLANG_ENABLE_OBJC_ARC = YES;
				CLANG_ENABLE_OBJC_WEAK = YES;
				CLANG_WARN_BLOCK_CAPTURE_AUTORELEASING = YES;
				CLANG_WARN_BOOL_CONVERSION = YES;
				CLANG_WARN_COMMA = YES;
				CLANG_WARN_CONSTANT_CONVERSION = YES;
				CLANG_WARN_DEPRECATED_OBJC_IMPLEMENTATIONS = YES;
				CLANG_WARN_DIRECT_OBJC_ISA_USAGE = YES_ERROR;
				CLANG_WARN_DOCUMENTATION_COMMENTS = YES;
				CLANG_WARN_EMPTY_BODY = YES;
				CLANG_WARN_ENUM_CONVERSION = YES;
				CLANG_WARN_INFINITE_RECURSION = YES;
				CLANG_WARN_INT_CONVERSION = YES;
				CLANG_WARN_NON_LITERAL_NULL_CONVERSION = YES;
				CLANG_WARN_OBJC_IMPLICIT_RETAIN_SELF = YES;
				CLANG_WARN_OBJC_LITERAL_CONVERSION = YES;
				CLANG_WARN_OBJC_ROOT_CLASS = YES_ERROR;
				CLANG_WARN_QUOTED_INCLUDE_IN_FRAMEWORK_HEADER = YES;
				CLANG_WARN_RANGE_LOOP_ANALYSIS = YES;
				CLANG_WARN_STRICT_PROTOTYPES = YES;
				CLANG_WARN_SUSPICIOUS_MOVE = YES;
				CLANG_WARN_UNGUARDED_AVAILABILITY = YES_AGGRESSIVE;
				CLANG_WARN_UNREACHABLE_CODE = YES;
				CLANG_WARN__DUPLICATE_METHOD_MATCH = YES;
				COPY_PHASE_STRIP = NO;
				DEBUG_INFORMATION_FORMAT = "dwarf-with-dsym";
				ENABLE_NS_ASSERTIONS = NO;
				ENABLE_STRICT_OBJC_MSGSEND = YES;
				GCC_C_LANGUAGE_STANDARD = gnu11;
				GCC_NO_COMMON_BLOCKS = YES;
				GCC_WARN_64_TO_32_BIT_CONVERSION = YES;
				GCC_WARN_ABOUT_RETURN_TYPE = YES_ERROR;
				GCC_WARN_UNDECLARED_SELECTOR = YES;
				GCC_WARN_UNINITIALIZED_AUTOS = YES_AGGRESSIVE;
				GCC_WARN_UNUSED_FUNCTION = YES;
				GCC_WARN_UNUSED_VARIABLE = YES;
				MTL_ENABLE_DEBUG_INFO = NO;
				MTL_FAST_MATH = YES;
				PRODUCT_NAME = "$(TARGET_NAME)";
				SDKROOT = macosx;
				SWIFT_COMPILATION_MODE = wholemodule;
				SWIFT_OPTIMIZATION_LEVEL = "-O";
				SWIFT_VERSION = 5.0;
			};
			name = Release;
		};
/* End XCBuildConfiguration section */

/* Begin XCConfigurationList section */
		B988169D23371F42057CD08C /* Build configuration list for PBXProject "Sigma" */ = {
			isa = XCConfigurationList;
			buildConfigurations = (
				22A65CA63449894751ED707A /* Debug */,
				D5645D7D8C861C1837B811AB /* Release */,
			);
			defaultConfigurationIsVisible = 0;
			defaultConfigurationName = Debug;
		};
		F23317B3BB193157A7A4A48A /* Build configuration list for PBXNativeTarget "Sigma" */ = {
			isa = XCConfigurationList;
			buildConfigurations = (
				295B5F178C2BFE75A6CDBE3B /* Debug */,
				1769032B4142B98FC060A1B3 /* Release */,
			);
			defaultConfigurationIsVisible = 0;
			defaultConfigurationName = Debug;
		};
/* End XCConfigurationList section */
	};
	rootObject = 26307528E267A6D5ED883898 /* Project object */;
}
